
Microsoft Visual Studio Solution File, Format Version 12.00
# Visual Studio Version 17
VisualStudioVersion = 17.0.31903.59
MinimumVisualStudioVersion = 10.0.40219.1
Project("{FAE04EC0-301F-11D3-BF4B-00C04F79EFBC}") = "Dictionary-Bench", "src\Dictionary-Bench\Dictionary-Bench.csproj", "{4443BC7E-CE33-4567-A0C3-7302FD8DB83F}"
EndProject
Global
	GlobalSection(SolutionConfigurationPlatforms) = preSolution
		Debug|Any CPU = Debug|Any CPU
		Release|Any CPU = Release|Any CPU
	EndGlobalSection
	GlobalSection(ProjectConfigurationPlatforms) = postSolution
		{4443BC7E-CE33-4567-A0C3-7302FD8DB83F}.Debug|Any CPU.ActiveCfg = Debug|Any CPU
		{4443BC7E-CE33-4567-A0C3-7302FD8DB83F}.Debug|Any CPU.Build.0 = Debug|Any CPU
		{4443BC7E-CE33-4567-A0C3-7302FD8DB83F}.Release|Any CPU.ActiveCfg = Release|Any CPU
		{4443BC7E-CE33-4567-A0C3-7302FD8DB83F}.Release|Any CPU.Build.0 = Release|Any CPU
	EndGlobalSection
	GlobalSection(SolutionProperties) = preSolution
		HideSolutionNode = FALSE
	EndGlobalSection
	GlobalSection(ExtensibilityGlobals) = postSolution
		SolutionGuid = {D9DA270F-6A93-44F1-88BD-B2F2D7969CB6}
	EndGlobalSection
EndGlobal
